{
  "name": "shiki-adapter",
  "lockfileVersion": 2,
  "requires": true,
  "packages": {
    "": {
      "dependencies": {
        "uikit": "^3.13.4"
      }
    },
    "node_modules/uikit": {
      "version": "3.13.4",
      "resolved": "https://registry.npmjs.org/uikit/-/uikit-3.13.4.tgz",
      "integrity": "sha512-/35rM0gldpNFCMaQarVdv9qRgB7stitwGGto7mfXNVF50z2eg1xzcuMJPzdlNo5+sLIUqw+e6wYq+lZWzz6lyQ=="
    }
  },
  "dependencies": {
    "uikit": {
      "version": "3.13.4",
      "resolved": "https://registry.npmjs.org/uikit/-/uikit-3.13.4.tgz",
      "integrity": "sha512-/35rM0gldpNFCMaQarVdv9qRgB7stitwGGto7mfXNVF50z2eg1xzcuMJPzdlNo5+sLIUqw+e6wYq+lZWzz6lyQ=="
    }
  }
}
